
Microsoft Visual Studio Solution File, Format Version 12.00
# Visual Studio Version 17
VisualStudioVersion = 17.9.34728.123
MinimumVisualStudioVersion = 10.0.40219.1
Project("{9A19103F-16F7-4668-BE54-9A1E7A4F7556}") = "Controle de Estoque", "Controle de Estoque\Controle de Estoque.csproj", "{1390CD4C-7A18-4E61-9C17-5568702AA950}"
EndProject
Project("{FAE04EC0-301F-11D3-BF4B-00C04F79EFBC}") = "BibliotecaEstoque", "BibliotecaEstoque\BibliotecaEstoque.csproj", "{1928D67E-555D-484E-A070-72186514A613}"
EndProject
Global
	GlobalSection(SolutionConfigurationPlatforms) = preSolution
		Debug|Any CPU = Debug|Any CPU
		Release|Any CPU = Release|Any CPU
	EndGlobalSection
	GlobalSection(ProjectConfigurationPlatforms) = postSolution
		{1390CD4C-7A18-4E61-9C17-5568702AA950}.Debug|Any CPU.ActiveCfg = Debug|Any CPU
		{1390CD4C-7A18-4E61-9C17-5568702AA950}.Debug|Any CPU.Build.0 = Debug|Any CPU
		{1390CD4C-7A18-4E61-9C17-5568702AA950}.Release|Any CPU.ActiveCfg = Release|Any CPU
		{1390CD4C-7A18-4E61-9C17-5568702AA950}.Release|Any CPU.Build.0 = Release|Any CPU
		{1928D67E-555D-484E-A070-72186514A613}.Debug|Any CPU.ActiveCfg = Debug|Any CPU
		{1928D67E-555D-484E-A070-72186514A613}.Debug|Any CPU.Build.0 = Debug|Any CPU
		{1928D67E-555D-484E-A070-72186514A613}.Release|Any CPU.ActiveCfg = Release|Any CPU
		{1928D67E-555D-484E-A070-72186514A613}.Release|Any CPU.Build.0 = Release|Any CPU
	EndGlobalSection
	GlobalSection(SolutionProperties) = preSolution
		HideSolutionNode = FALSE
	EndGlobalSection
	GlobalSection(ExtensibilityGlobals) = postSolution
		SolutionGuid = {57100A69-97C3-460E-97B9-43BFB72860DD}
	EndGlobalSection
EndGlobal
